
Microsoft Visual Studio Solution File, Format Version 12.00
# Visual Studio Version 16
VisualStudioVersion = 16.0.31702.278
MinimumVisualStudioVersion = 10.0.40219.1
Project("{FAE04EC0-301F-11D3-BF4B-00C04F79EFBC}") = "Mini_Super_LaTica", "Mini_Super_LaTica\Mini_Super_LaTica.csproj", "{2B2AF665-4600-4FF6-9135-2D55FA60C49A}"
EndProject
Global
	GlobalSection(SolutionConfigurationPlatforms) = preSolution
		Debug|Any CPU = Debug|Any CPU
		Release|Any CPU = Release|Any CPU
	EndGlobalSection
	GlobalSection(ProjectConfigurationPlatforms) = postSolution
		{2B2AF665-4600-4FF6-9135-2D55FA60C49A}.Debug|Any CPU.ActiveCfg = Debug|Any CPU
		{2B2AF665-4600-4FF6-9135-2D55FA60C49A}.Debug|Any CPU.Build.0 = Debug|Any CPU
		{2B2AF665-4600-4FF6-9135-2D55FA60C49A}.Release|Any CPU.ActiveCfg = Release|Any CPU
		{2B2AF665-4600-4FF6-9135-2D55FA60C49A}.Release|Any CPU.Build.0 = Release|Any CPU
	EndGlobalSection
	GlobalSection(SolutionProperties) = preSolution
		HideSolutionNode = FALSE
	EndGlobalSection
	GlobalSection(ExtensibilityGlobals) = postSolution
		SolutionGuid = {2A19BE60-5D7F-4A7D-9C39-673DF5FBCAE4}
	EndGlobalSection
EndGlobal
